{
  "version": 4,
  "terraform_version": "1.9.6",
  "serial": 39,
  "lineage": "be5cb3c0-058d-3bc0-6d66-23825e924e90",
  "outputs": {
    "prod_cluster_name": {
      "value": "mobile-api-prod",
      "type": "string"
    },
    "service_account_email": {
      "value": "mobile-api-sa@devops-435706.iam.gserviceaccount.com",
      "type": "string"
    },
    "service_account_key_file": {
      "value": "./credentials/sa-credentials.json",
      "type": "string"
    },
    "stage_cluster_name": {
      "value": "mobile-api-stage",
      "type": "string"
    },
    "test_cluster_name": {
      "value": "mobile-api-test",
      "type": "string"
    }
  },
  "resources": [
    {
      "mode": "managed",
      "type": "google_service_account",
      "name": "mobile_api_sa",
      "provider": "provider[\"registry.terraform.io/hashicorp/google\"]",
      "instances": [
        {
          "schema_version": 0,
          "attributes": {
            "account_id": "mobile-api-sa",
            "create_ignore_already_exists": null,
            "description": "",
            "disabled": false,
            "display_name": "Mobile API Service Account",
            "email": "mobile-api-sa@devops-435706.iam.gserviceaccount.com",
            "id": "projects/devops-435706/serviceAccounts/mobile-api-sa@devops-435706.iam.gserviceaccount.com",
            "member": "serviceAccount:mobile-api-sa@devops-435706.iam.gserviceaccount.com",
            "name": "projects/devops-435706/serviceAccounts/mobile-api-sa@devops-435706.iam.gserviceaccount.com",
            "project": "devops-435706",
            "timeouts": null,
            "unique_id": "104610515728755553045"
          },
          "sensitive_attributes": [],
          "private": "eyJlMmJmYjczMC1lY2FhLTExZTYtOGY4OC0zNDM2M2JjN2M0YzAiOnsiY3JlYXRlIjozMDAwMDAwMDAwMDB9fQ=="
        }
      ]
    }
  ],
  "check_results": null
}
